// !$*UTF8*$!
{
	archiveVersion = 1;
	classes = {
	};
	objectVersion = 46;
	objects = {

/* Begin PBXBuildFile section */
		165CF68A1EBCF5C400C8FB8C /* AppDelegate.swift in Sources */ = {isa = PBXBuildFile; fileRef = 165CF6891EBCF5C400C8FB8C /* AppDelegate.swift */; };
		165CF68C1EBCF5C400C8FB8C /* ViewController.swift in Sources */ = {isa = PBXBuildFile; fileRef = 165CF68B1EBCF5C400C8FB8C /* ViewController.swift */; };
		165CF68F1EBCF5C400C8FB8C /* Main.storyboard in Resources */ = {isa = PBXBuildFile; fileRef = 165CF68D1EBCF5C400C8FB8C /* Main.storyboard */; };
		165CF6911EBCF5C400C8FB8C /* Assets.xcassets in Resources */ = {isa = PBXBuildFile; fileRef = 165CF6901EBCF5C400C8FB8C /* Assets.xcassets */; };
		165CF6941EBCF5C400C8FB8C /* LaunchScreen.storyboard in Resources */ = {isa = PBXBuildFile; fileRef = 165CF6921EBCF5C400C8FB8C /* LaunchScreen.storyboard */; };
		165CF69F1EBCF5C400C8FB8C /* CountOnShopifyTests.swift in Sources */ = {isa = PBXBuildFile; fileRef = 165CF69E1EBCF5C400C8FB8C /* CountOnShopifyTests.swift */; };
		165CF6AA1EBCF5C400C8FB8C /* CountOnShopifyUITests.swift in Sources */ = {isa = PBXBuildFile; fileRef = 165CF6A91EBCF5C400C8FB8C /* CountOnShopifyUITests.swift */; };
/* End PBXBuildFile section */

/* Begin PBXContainerItemProxy section */
		165CF69B1EBCF5C400C8FB8C /* PBXContainerItemProxy */ = {
			isa = PBXContainerItemProxy;
			containerPortal = 165CF67E1EBCF5C400C8FB8C /* Project object */;
			proxyType = 1;
			remoteGlobalIDString = 165CF6851EBCF5C400C8FB8C;
			remoteInfo = CountOnShopify;
		};
		165CF6A61EBCF5C400C8FB8C /* PBXContainerItemProxy */ = {
			isa = PBXContainerItemProxy;
			containerPortal = 165CF67E1EBCF5C400C8FB8C /* Project object */;
			proxyType = 1;
			remoteGlobalIDString = 165CF6851EBCF5C400C8FB8C;
			remoteInfo = CountOnShopify;
		};
/* End PBXContainerItemProxy section */

/* Begin PBXFileReference section */
		165CF6861EBCF5C400C8FB8C /* CountOnShopify.app */ = {isa = PBXFileReference; explicitFileType = wrapper.application; includeInIndex = 0; path = CountOnShopify.app; sourceTree = BUILT_PRODUCTS_DIR; };
		165CF6891EBCF5C400C8FB8C /* AppDelegate.swift */ = {isa = PBXFileReference; lastKnownFileType = sourcecode.swift; path = AppDelegate.swift; sourceTree = "<group>"; };
		165CF68B1EBCF5C400C8FB8C /* ViewController.swift */ = {isa = PBXFileReference; lastKnownFileType = sourcecode.swift; path = ViewController.swift; sourceTree = "<group>"; };
		165CF68E1EBCF5C400C8FB8C /* Base */ = {isa = PBXFileReference; lastKnownFileType = file.storyboard; name = Base; path = Base.lproj/Main.storyboard; sourceTree = "<group>"; };
		165CF6901EBCF5C400C8FB8C /* Assets.xcassets */ = {isa = PBXFileReference; lastKnownFileType = folder.assetcatalog; path = Assets.xcassets; sourceTree = "<group>"; };
		165CF6931EBCF5C400C8FB8C /* Base */ = {isa = PBXFileReference; lastKnownFileType = file.storyboard; name = Base; path = Base.lproj/LaunchScreen.storyboard; sourceTree = "<group>"; };
		165CF6951EBCF5C400C8FB8C /* Info.plist */ = {isa = PBXFileReference; lastKnownFileType = text.plist.xml; path = Info.plist; sourceTree = "<group>"; };
		165CF69A1EBCF5C400C8FB8C /* CountOnShopifyTests.xctest */ = {isa = PBXFileReference; explicitFileType = wrapper.cfbundle; includeInIndex = 0; path = CountOnShopifyTests.xctest; sourceTree = BUILT_PRODUCTS_DIR; };
		165CF69E1EBCF5C400C8FB8C /* CountOnShopifyTests.swift */ = {isa = PBXFileReference; lastKnownFileType = sourcecode.swift; path = CountOnShopifyTests.swift; sourceTree = "<group>"; };
		165CF6A01EBCF5C400C8FB8C /* Info.plist */ = {isa = PBXFileReference; lastKnownFileType = text.plist.xml; path = Info.plist; sourceTree = "<group>"; };
		165CF6A51EBCF5C400C8FB8C /* CountOnShopifyUITests.xctest */ = {isa = PBXFileReference; explicitFileType = wrapper.cfbundle; includeInIndex = 0; path = CountOnShopifyUITests.xctest; sourceTree = BUILT_PRODUCTS_DIR; };
		165CF6A91EBCF5C400C8FB8C /* CountOnShopifyUITests.swift */ = {isa = PBXFileReference; lastKnownFileType = sourcecode.swift; path = CountOnShopifyUITests.swift; sourceTree = "<group>"; };
		165CF6AB1EBCF5C400C8FB8C /* Info.plist */ = {isa = PBXFileReference; lastKnownFileType = text.plist.xml; path = Info.plist; sourceTree = "<group>"; };
/* End PBXFileReference section */

/* Begin PBXFrameworksBuildPhase section */
		165CF6831EBCF5C400C8FB8C /* Frameworks */ = {
			isa = PBXFrameworksBuildPhase;
			buildActionMask = 2147483647;
			files = (
			);
			runOnlyForDeploymentPostprocessing = 0;
		};
		165CF6971EBCF5C400C8FB8C /* Frameworks */ = {
			isa = PBXFrameworksBuildPhase;
			buildActionMask = 2147483647;
			files = (
			);
			runOnlyForDeploymentPostprocessing = 0;
		};
		165CF6A21EBCF5C400C8FB8C /* Frameworks */ = {
			isa = PBXFrameworksBuildPhase;
			buildActionMask = 2147483647;
			files = (
			);
			runOnlyForDeploymentPostprocessing = 0;
		};
/* End PBXFrameworksBuildPhase section */

/* Begin PBXGroup section */
		165CF67D1EBCF5C400C8FB8C = {
			isa = PBXGroup;
			children = (
				165CF6881EBCF5C400C8FB8C /* CountOnShopify */,
				165CF69D1EBCF5C400C8FB8C /* CountOnShopifyTests */,
				165CF6A81EBCF5C400C8FB8C /* CountOnShopifyUITests */,
				165CF6871EBCF5C400C8FB8C /* Products */,
			);
			sourceTree = "<group>";
		};
		165CF6871EBCF5C400C8FB8C /* Products */ = {
			isa = PBXGroup;
			children = (
				165CF6861EBCF5C400C8FB8C /* CountOnShopify.app */,
				165CF69A1EBCF5C400C8FB8C /* CountOnShopifyTests.xctest */,
				165CF6A51EBCF5C400C8FB8C /* CountOnShopifyUITests.xctest */,
			);
			name = Products;
			sourceTree = "<group>";
		};
		165CF6881EBCF5C400C8FB8C /* CountOnShopify */ = {
			isa = PBXGroup;
			children = (
				165CF6891EBCF5C400C8FB8C /* AppDelegate.swift */,
				165CF68B1EBCF5C400C8FB8C /* ViewController.swift */,
				165CF68D1EBCF5C400C8FB8C /* Main.storyboard */,
				165CF6901EBCF5C400C8FB8C /* Assets.xcassets */,
				165CF6921EBCF5C400C8FB8C /* LaunchScreen.storyboard */,
				165CF6951EBCF5C400C8FB8C /* Info.plist */,
			);
			path = CountOnShopify;
			sourceTree = "<group>";
		};
		165CF69D1EBCF5C400C8FB8C /* CountOnShopifyTests */ = {
			isa = PBXGroup;
			children = (
				165CF69E1EBCF5C400C8FB8C /* CountOnShopifyTests.swift */,
				165CF6A01EBCF5C400C8FB8C /* Info.plist */,
			);
			path = CountOnShopifyTests;
			sourceTree = "<group>";
		};
		165CF6A81EBCF5C400C8FB8C /* CountOnShopifyUITests */ = {
			isa = PBXGroup;
			children = (
				165CF6A91EBCF5C400C8FB8C /* CountOnShopifyUITests.swift */,
				165CF6AB1EBCF5C400C8FB8C /* Info.plist */,
			);
			path = CountOnShopifyUITests;
			sourceTree = "<group>";
		};
/* End PBXGroup section */

/* Begin PBXNativeTarget section */
		165CF6851EBCF5C400C8FB8C /* CountOnShopify */ = {
			isa = PBXNativeTarget;
			buildConfigurationList = 165CF6AE1EBCF5C400C8FB8C /* Build configuration list for PBXNativeTarget "CountOnShopify" */;
			buildPhases = (
				165CF6821EBCF5C400C8FB8C /* Sources */,
				165CF6831EBCF5C400C8FB8C /* Frameworks */,
				165CF6841EBCF5C400C8FB8C /* Resources */,
			);
			buildRules = (
			);
			dependencies = (
			);
			name = CountOnShopify;
			productName = CountOnShopify;
			productReference = 165CF6861EBCF5C400C8FB8C /* CountOnShopify.app */;
			productType = "com.apple.product-type.application";
		};
		165CF6991EBCF5C400C8FB8C /* CountOnShopifyTests */ = {
			isa = PBXNativeTarget;
			buildConfigurationList = 165CF6B11EBCF5C400C8FB8C /* Build configuration list for PBXNativeTarget "CountOnShopifyTests" */;
			buildPhases = (
				165CF6961EBCF5C400C8FB8C /* Sources */,
				165CF6971EBCF5C400C8FB8C /* Frameworks */,
				165CF6981EBCF5C400C8FB8C /* Resources */,
			);
			buildRules = (
			);
			dependencies = (
				165CF69C1EBCF5C400C8FB8C /* PBXTargetDependency */,
			);
			name = CountOnShopifyTests;
			productName = CountOnShopifyTests;
			productReference = 165CF69A1EBCF5C400C8FB8C /* CountOnShopifyTests.xctest */;
			productType = "com.apple.product-type.bundle.unit-test";
		};
		165CF6A41EBCF5C400C8FB8C /* CountOnShopifyUITests */ = {
			isa = PBXNativeTarget;
			buildConfigurationList = 165CF6B41EBCF5C400C8FB8C /* Build configuration list for PBXNativeTarget "CountOnShopifyUITests" */;
			buildPhases = (
				165CF6A11EBCF5C400C8FB8C /* Sources */,
				165CF6A21EBCF5C400C8FB8C /* Frameworks */,
				165CF6A31EBCF5C400C8FB8C /* Resources */,
			);
			buildRules = (
			);
			dependencies = (
				165CF6A71EBCF5C400C8FB8C /* PBXTargetDependency */,
			);
			name = CountOnShopifyUITests;
			productName = CountOnShopifyUITests;
			productReference = 165CF6A51EBCF5C400C8FB8C /* CountOnShopifyUITests.xctest */;
			productType = "com.apple.product-type.bundle.ui-testing";
		};
/* End PBXNativeTarget section */

/* Begin PBXProject section */
		165CF67E1EBCF5C400C8FB8C /* Project object */ = {
			isa = PBXProject;
			attributes = {
				LastSwiftUpdateCheck = 0830;
				LastUpgradeCheck = 0830;
				ORGANIZATIONNAME = "Nathaniel Ruiz";
				TargetAttributes = {
					165CF6851EBCF5C400C8FB8C = {
						CreatedOnToolsVersion = 8.3.2;
						DevelopmentTeam = 7556V46NNX;
						ProvisioningStyle = Automatic;
					};
					165CF6991EBCF5C400C8FB8C = {
						CreatedOnToolsVersion = 8.3.2;
						DevelopmentTeam = 7556V46NNX;
						ProvisioningStyle = Automatic;
						TestTargetID = 165CF6851EBCF5C400C8FB8C;
					};
					165CF6A41EBCF5C400C8FB8C = {
						CreatedOnToolsVersion = 8.3.2;
						DevelopmentTeam = 7556V46NNX;
						ProvisioningStyle = Automatic;
						TestTargetID = 165CF6851EBCF5C400C8FB8C;
					};
				};
			};
			buildConfigurationList = 165CF6811EBCF5C400C8FB8C /* Build configuration list for PBXProject "CountOnShopify" */;
			compatibilityVersion = "Xcode 3.2";
			developmentRegion = English;
			hasScannedForEncodings = 0;
			knownRegions = (
				en,
				Base,
			);
			mainGroup = 165CF67D1EBCF5C400C8FB8C;
			productRefGroup = 165CF6871EBCF5C400C8FB8C /* Products */;
			projectDirPath = "";
			projectRoot = "";
			targets = (
				165CF6851EBCF5C400C8FB8C /* CountOnShopify */,
				165CF6991EBCF5C400C8FB8C /* CountOnShopifyTests */,
				165CF6A41EBCF5C400C8FB8C /* CountOnShopifyUITests */,
			);
		};
/* End PBXProject section */

/* Begin PBXResourcesBuildPhase section */
		165CF6841EBCF5C400C8FB8C /* Resources */ = {
			isa = PBXResourcesBuildPhase;
			buildActionMask = 2147483647;
			files = (
				165CF6941EBCF5C400C8FB8C /* LaunchScreen.storyboard in Resources */,
				165CF6911EBCF5C400C8FB8C /* Assets.xcassets in Resources */,
				165CF68F1EBCF5C400C8FB8C /* Main.storyboard in Resources */,
			);
			runOnlyForDeploymentPostprocessing = 0;
		};
		165CF6981EBCF5C400C8FB8C /* Resources */ = {
			isa = PBXResourcesBuildPhase;
			buildActionMask = 2147483647;
			files = (
			);
			runOnlyForDeploymentPostprocessing = 0;
		};
		165CF6A31EBCF5C400C8FB8C /* Resources */ = {
			isa = PBXResourcesBuildPhase;
			buildActionMask = 2147483647;
			files = (
			);
			runOnlyForDeploymentPostprocessing = 0;
		};
/* End PBXResourcesBuildPhase section */

/* Begin PBXSourcesBuildPhase section */
		165CF6821EBCF5C400C8FB8C /* Sources */ = {
			isa = PBXSourcesBuildPhase;
			buildActionMask = 2147483647;
			files = (
				165CF68C1EBCF5C400C8FB8C /* ViewController.swift in Sources */,
				165CF68A1EBCF5C400C8FB8C /* AppDelegate.swift in Sources */,
			);
			runOnlyForDeploymentPostprocessing = 0;
		};
		165CF6961EBCF5C400C8FB8C /* Sources */ = {
			isa = PBXSourcesBuildPhase;
			buildActionMask = 2147483647;
			files = (
				165CF69F1EBCF5C400C8FB8C /* CountOnShopifyTests.swift in Sources */,
			);
			runOnlyForDeploymentPostprocessing = 0;
		};
		165CF6A11EBCF5C400C8FB8C /* Sources */ = {
			isa = PBXSourcesBuildPhase;
			buildActionMask = 2147483647;
			files = (
				165CF6AA1EBCF5C400C8FB8C /* CountOnShopifyUITests.swift in Sources */,
			);
			runOnlyForDeploymentPostprocessing = 0;
		};
/* End PBXSourcesBuildPhase section */

/* Begin PBXTargetDependency section */
		165CF69C1EBCF5C400C8FB8C /* PBXTargetDependency */ = {
			isa = PBXTargetDependency;
			target = 165CF6851EBCF5C400C8FB8C /* CountOnShopify */;
			targetProxy = 165CF69B1EBCF5C400C8FB8C /* PBXContainerItemProxy */;
		};
		165CF6A71EBCF5C400C8FB8C /* PBXTargetDependency */ = {
			isa = PBXTargetDependency;
			target = 165CF6851EBCF5C400C8FB8C /* CountOnShopify */;
			targetProxy = 165CF6A61EBCF5C400C8FB8C /* PBXContainerItemProxy */;
		};
/* End PBXTargetDependency section */

/* Begin PBXVariantGroup section */
		165CF68D1EBCF5C400C8FB8C /* Main.storyboard */ = {
			isa = PBXVariantGroup;
			children = (
				165CF68E1EBCF5C400C8FB8C /* Base */,
			);
			name = Main.storyboard;
			sourceTree = "<group>";
		};
		165CF6921EBCF5C400C8FB8C /* LaunchScreen.storyboard */ = {
			isa = PBXVariantGroup;
			children = (
				165CF6931EBCF5C400C8FB8C /* Base */,
			);
			name = LaunchScreen.storyboard;
			sourceTree = "<group>";
		};
/* End PBXVariantGroup section */

/* Begin XCBuildConfiguration section */
		165CF6AC1EBCF5C400C8FB8C /* Debug */ = {
			isa = XCBuildConfiguration;
			buildSettings = {
				ALWAYS_SEARCH_USER_PATHS = NO;
				CLANG_ANALYZER_NONNULL = YES;
				CLANG_ANALYZER_NUMBER_OBJECT_CONVERSION = YES_AGGRESSIVE;
				CLANG_CXX_LANGUAGE_STANDARD = "gnu++0x";
				CLANG_CXX_LIBRARY = "libc++";
				CLANG_ENABLE_MODULES = YES;
				CLANG_ENABLE_OBJC_ARC = YES;
				CLANG_WARN_BOOL_CONVERSION = YES;
				CLANG_WARN_CONSTANT_CONVERSION = YES;
				CLANG_WARN_DIRECT_OBJC_ISA_USAGE = YES_ERROR;
				CLANG_WARN_DOCUMENTATION_COMMENTS = YES;
				CLANG_WARN_EMPTY_BODY = YES;
				CLANG_WARN_ENUM_CONVERSION = YES;
				CLANG_WARN_INFINITE_RECURSION = YES;
				CLANG_WARN_INT_CONVERSION = YES;
				CLANG_WARN_OBJC_ROOT_CLASS = YES_ERROR;
				CLANG_WARN_SUSPICIOUS_MOVE = YES;
				CLANG_WARN_UNREACHABLE_CODE = YES;
				CLANG_WARN__DUPLICATE_METHOD_MATCH = YES;
				"CODE_SIGN_IDENTITY[sdk=iphoneos*]" = "iPhone Developer";
				COPY_PHASE_STRIP = NO;
				DEBUG_INFORMATION_FORMAT = dwarf;
				ENABLE_STRICT_OBJC_MSGSEND = YES;
				ENABLE_TESTABILITY = YES;
				GCC_C_LANGUAGE_STANDARD = gnu99;
				GCC_DYNAMIC_NO_PIC = NO;
				GCC_NO_COMMON_BLOCKS = YES;
				GCC_OPTIMIZATION_LEVEL = 0;
				GCC_PREPROCESSOR_DEFINITIONS = (
					"DEBUG=1",
					"$(inherited)",
				);
				GCC_WARN_64_TO_32_BIT_CONVERSION = YES;
				GCC_WARN_ABOUT_RETURN_TYPE = YES_ERROR;
				GCC_WARN_UNDECLARED_SELECTOR = YES;
				GCC_WARN_UNINITIALIZED_AUTOS = YES_AGGRESSIVE;
				GCC_WARN_UNUSED_FUNCTION = YES;
				GCC_WARN_UNUSED_VARIABLE = YES;
				IPHONEOS_DEPLOYMENT_TARGET = 10.3;
				MTL_ENABLE_DEBUG_INFO = YES;
				ONLY_ACTIVE_ARCH = YES;
				SDKROOT = iphoneos;
				SWIFT_ACTIVE_COMPILATION_CONDITIONS = DEBUG;
				SWIFT_OPTIMIZATION_LEVEL = "-Onone";
				TARGETED_DEVICE_FAMILY = "1,2";
			};
			name = Debug;
		};
		165CF6AD1EBCF5C400C8FB8C /* Release */ = {
			isa = XCBuildConfiguration;
			buildSettings = {
				ALWAYS_SEARCH_USER_PATHS = NO;
				CLANG_ANALYZER_NONNULL = YES;
				CLANG_ANALYZER_NUMBER_OBJECT_CONVERSION = YES_AGGRESSIVE;
				CLANG_CXX_LANGUAGE_STANDARD = "gnu++0x";
				CLANG_CXX_LIBRARY = "libc++";
				CLANG_ENABLE_MODULES = YES;
				CLANG_ENABLE_OBJC_ARC = YES;
				CLANG_WARN_BOOL_CONVERSION = YES;
				CLANG_WARN_CONSTANT_CONVERSION = YES;
				CLANG_WARN_DIRECT_OBJC_ISA_USAGE = YES_ERROR;
				CLANG_WARN_DOCUMENTATION_COMMENTS = YES;
				CLANG_WARN_EMPTY_BODY = YES;
				CLANG_WARN_ENUM_CONVERSION = YES;
				CLANG_WARN_INFINITE_RECURSION = YES;
				CLANG_WARN_INT_CONVERSION = YES;
				CLANG_WARN_OBJC_ROOT_CLASS = YES_ERROR;
				CLANG_WARN_SUSPICIOUS_MOVE = YES;
				CLANG_WARN_UNREACHABLE_CODE = YES;
				CLANG_WARN__DUPLICATE_METHOD_MATCH = YES;
				"CODE_SIGN_IDENTITY[sdk=iphoneos*]" = "iPhone Developer";
				COPY_PHASE_STRIP = NO;
				DEBUG_INFORMATION_FORMAT = "dwarf-with-dsym";
				ENABLE_NS_ASSERTIONS = NO;
				ENABLE_STRICT_OBJC_MSGSEND = YES;
				GCC_C_LANGUAGE_STANDARD = gnu99;
				GCC_NO_COMMON_BLOCKS = YES;
				GCC_WARN_64_TO_32_BIT_CONVERSION = YES;
				GCC_WARN_ABOUT_RETURN_TYPE = YES_ERROR;
				GCC_WARN_UNDECLARED_SELECTOR = YES;
				GCC_WARN_UNINITIALIZED_AUTOS = YES_AGGRESSIVE;
				GCC_WARN_UNUSED_FUNCTION = YES;
				GCC_WARN_UNUSED_VARIABLE = YES;
				IPHONEOS_DEPLOYMENT_TARGET = 10.3;
				MTL_ENABLE_DEBUG_INFO = NO;
				SDKROOT = iphoneos;
				SWIFT_OPTIMIZATION_LEVEL = "-Owholemodule";
				TARGETED_DEVICE_FAMILY = "1,2";
				VALIDATE_PRODUCT = YES;
			};
			name = Release;
		};
		165CF6AF1EBCF5C400C8FB8C /* Debug */ = {
			isa = XCBuildConfiguration;
			buildSettings = {
				ASSETCATALOG_COMPILER_APPICON_NAME = AppIcon;
				DEVELOPMENT_TEAM = 7556V46NNX;
				INFOPLIST_FILE = CountOnShopify/Info.plist;
				LD_RUNPATH_SEARCH_PATHS = "$(inherited) @executable_path/Frameworks";
				PRODUCT_BUNDLE_IDENTIFIER = Nathan.CountOnShopify;
				PRODUCT_NAME = "$(TARGET_NAME)";
				SWIFT_VERSION = 3.0;
			};
			name = Debug;
		};
		165CF6B01EBCF5C400C8FB8C /* Release */ = {
			isa = XCBuildConfiguration;
			buildSettings = {
				ASSETCATALOG_COMPILER_APPICON_NAME = AppIcon;
				DEVELOPMENT_TEAM = 7556V46NNX;
				INFOPLIST_FILE = CountOnShopify/Info.plist;
				LD_RUNPATH_SEARCH_PATHS = "$(inherited) @executable_path/Frameworks";
				PRODUCT_BUNDLE_IDENTIFIER = Nathan.CountOnShopify;
				PRODUCT_NAME = "$(TARGET_NAME)";
				SWIFT_VERSION = 3.0;
			};
			name = Release;
		};
		165CF6B21EBCF5C400C8FB8C /* Debug */ = {
			isa = XCBuildConfiguration;
			buildSettings = {
				ALWAYS_EMBED_SWIFT_STANDARD_LIBRARIES = YES;
				BUNDLE_LOADER = "$(TEST_HOST)";
				DEVELOPMENT_TEAM = 7556V46NNX;
				INFOPLIST_FILE = CountOnShopifyTests/Info.plist;
				LD_RUNPATH_SEARCH_PATHS = "$(inherited) @executable_path/Frameworks @loader_path/Frameworks";
				PRODUCT_BUNDLE_IDENTIFIER = Nathan.CountOnShopifyTests;
				PRODUCT_NAME = "$(TARGET_NAME)";
				SWIFT_VERSION = 3.0;
				TEST_HOST = "$(BUILT_PRODUCTS_DIR)/CountOnShopify.app/CountOnShopify";
			};
			name = Debug;
		};
		165CF6B31EBCF5C400C8FB8C /* Release */ = {
			isa = XCBuildConfiguration;
			buildSettings = {
				ALWAYS_EMBED_SWIFT_STANDARD_LIBRARIES = YES;
				BUNDLE_LOADER = "$(TEST_HOST)";
				DEVELOPMENT_TEAM = 7556V46NNX;
				INFOPLIST_FILE = CountOnShopifyTests/Info.plist;
				LD_RUNPATH_SEARCH_PATHS = "$(inherited) @executable_path/Frameworks @loader_path/Frameworks";
				PRODUCT_BUNDLE_IDENTIFIER = Nathan.CountOnShopifyTests;
				PRODUCT_NAME = "$(TARGET_NAME)";
				SWIFT_VERSION = 3.0;
				TEST_HOST = "$(BUILT_PRODUCTS_DIR)/CountOnShopify.app/CountOnShopify";
			};
			name = Release;
		};
		165CF6B51EBCF5C400C8FB8C /* Debug */ = {
			isa = XCBuildConfiguration;
			buildSettings = {
				ALWAYS_EMBED_SWIFT_STANDARD_LIBRARIES = YES;
				DEVELOPMENT_TEAM = 7556V46NNX;
				INFOPLIST_FILE = CountOnShopifyUITests/Info.plist;
				LD_RUNPATH_SEARCH_PATHS = "$(inherited) @executable_path/Frameworks @loader_path/Frameworks";
				PRODUCT_BUNDLE_IDENTIFIER = Nathan.CountOnShopifyUITests;
				PRODUCT_NAME = "$(TARGET_NAME)";
				SWIFT_VERSION = 3.0;
				TEST_TARGET_NAME = CountOnShopify;
			};
			name = Debug;
		};
		165CF6B61EBCF5C400C8FB8C /* Release */ = {
			isa = XCBuildConfiguration;
			buildSettings = {
				ALWAYS_EMBED_SWIFT_STANDARD_LIBRARIES = YES;
				DEVELOPMENT_TEAM = 7556V46NNX;
				INFOPLIST_FILE = CountOnShopifyUITests/Info.plist;
				LD_RUNPATH_SEARCH_PATHS = "$(inherited) @executable_path/Frameworks @loader_path/Frameworks";
				PRODUCT_BUNDLE_IDENTIFIER = Nathan.CountOnShopifyUITests;
				PRODUCT_NAME = "$(TARGET_NAME)";
				SWIFT_VERSION = 3.0;
				TEST_TARGET_NAME = CountOnShopify;
			};
			name = Release;
		};
/* End XCBuildConfiguration section */

/* Begin XCConfigurationList section */
		165CF6811EBCF5C400C8FB8C /* Build configuration list for PBXProject "CountOnShopify" */ = {
			isa = XCConfigurationList;
			buildConfigurations = (
				165CF6AC1EBCF5C400C8FB8C /* Debug */,
				165CF6AD1EBCF5C400C8FB8C /* Release */,
			);
			defaultConfigurationIsVisible = 0;
			defaultConfigurationName = Release;
		};
		165CF6AE1EBCF5C400C8FB8C /* Build configuration list for PBXNativeTarget "CountOnShopify" */ = {
			isa = XCConfigurationList;
			buildConfigurations = (
				165CF6AF1EBCF5C400C8FB8C /* Debug */,
				165CF6B01EBCF5C400C8FB8C /* Release */,
			);
			defaultConfigurationIsVisible = 0;
		};
		165CF6B11EBCF5C400C8FB8C /* Build configuration list for PBXNativeTarget "CountOnShopifyTests" */ = {
			isa = XCConfigurationList;
			buildConfigurations = (
				165CF6B21EBCF5C400C8FB8C /* Debug */,
				165CF6B31EBCF5C400C8FB8C /* Release */,
			);
			defaultConfigurationIsVisible = 0;
		};
		165CF6B41EBCF5C400C8FB8C /* Build configuration list for PBXNativeTarget "CountOnShopifyUITests" */ = {
			isa = XCConfigurationList;
			buildConfigurations = (
				165CF6B51EBCF5C400C8FB8C /* Debug */,
				165CF6B61EBCF5C400C8FB8C /* Release */,
			);
			defaultConfigurationIsVisible = 0;
		};
/* End XCConfigurationList section */
	};
	rootObject = 165CF67E1EBCF5C400C8FB8C /* Project object */;
}
